
Microsoft Visual Studio Solution File, Format Version 12.00
# Visual Studio Version 17
VisualStudioVersion = 17.10.34916.146
MinimumVisualStudioVersion = 10.0.40219.1
Project("{9A19103F-16F7-4668-BE54-9A1E7A4F7556}") = "cheeseria.Server", "cheeseria.Server\cheeseria.Server.csproj", "{7C31DE1C-EFCA-4399-9F4F-E1ACF64D63F8}"
EndProject
Project("{54A90642-561A-4BB1-A94E-469ADEE60C69}") = "cheeseria.client", "cheeseria.client\cheeseria.client.esproj", "{CC7628CD-5AC5-4329-B611-C25D6FB13CB6}"
EndProject
Project("{E53339B2-1760-4266-BCC7-CA923CBCF16C}") = "docker-compose", "docker-compose.dcproj", "{D8DE1719-9758-42C2-A0D7-3DC632AE4A99}"
EndProject
Global
	GlobalSection(SolutionConfigurationPlatforms) = preSolution
		Debug|Any CPU = Debug|Any CPU
		Release|Any CPU = Release|Any CPU
	EndGlobalSection
	GlobalSection(ProjectConfigurationPlatforms) = postSolution
		{7C31DE1C-EFCA-4399-9F4F-E1ACF64D63F8}.Debug|Any CPU.ActiveCfg = Debug|Any CPU
		{7C31DE1C-EFCA-4399-9F4F-E1ACF64D63F8}.Debug|Any CPU.Build.0 = Debug|Any CPU
		{7C31DE1C-EFCA-4399-9F4F-E1ACF64D63F8}.Release|Any CPU.ActiveCfg = Release|Any CPU
		{7C31DE1C-EFCA-4399-9F4F-E1ACF64D63F8}.Release|Any CPU.Build.0 = Release|Any CPU
		{CC7628CD-5AC5-4329-B611-C25D6FB13CB6}.Debug|Any CPU.ActiveCfg = Debug|Any CPU
		{CC7628CD-5AC5-4329-B611-C25D6FB13CB6}.Debug|Any CPU.Build.0 = Debug|Any CPU
		{CC7628CD-5AC5-4329-B611-C25D6FB13CB6}.Debug|Any CPU.Deploy.0 = Debug|Any CPU
		{CC7628CD-5AC5-4329-B611-C25D6FB13CB6}.Release|Any CPU.ActiveCfg = Release|Any CPU
		{CC7628CD-5AC5-4329-B611-C25D6FB13CB6}.Release|Any CPU.Build.0 = Release|Any CPU
		{CC7628CD-5AC5-4329-B611-C25D6FB13CB6}.Release|Any CPU.Deploy.0 = Release|Any CPU
		{D8DE1719-9758-42C2-A0D7-3DC632AE4A99}.Debug|Any CPU.ActiveCfg = Debug|Any CPU
		{D8DE1719-9758-42C2-A0D7-3DC632AE4A99}.Debug|Any CPU.Build.0 = Debug|Any CPU
		{D8DE1719-9758-42C2-A0D7-3DC632AE4A99}.Release|Any CPU.ActiveCfg = Release|Any CPU
		{D8DE1719-9758-42C2-A0D7-3DC632AE4A99}.Release|Any CPU.Build.0 = Release|Any CPU
	EndGlobalSection
	GlobalSection(SolutionProperties) = preSolution
		HideSolutionNode = FALSE
	EndGlobalSection
	GlobalSection(ExtensibilityGlobals) = postSolution
		SolutionGuid = {FF7B41F8-928A-4996-B567-DABD910BD0E9}
	EndGlobalSection
EndGlobal
